PODS:
  - FlutterMacOS (1.0.0)
  - git2dart_binaries (1.14.0):
    - FlutterMacOS

DEPENDENCIES:
  - FlutterMacOS (from `Flutter/ephemeral`)
  - git2dart_binaries (from `Flutter/ephemeral/.symlinks/plugins/git2dart_binaries/macos`)

EXTERNAL SOURCES:
  FlutterMacOS:
    :path: Flutter/ephemeral
  git2dart_binaries:
    :path: Flutter/ephemeral/.symlinks/plugins/git2dart_binaries/macos

SPEC CHECKSUMS:
  FlutterMacOS: c232990155153907050900a2e175c7773903ba4e
  git2dart_binaries: c8733f83ad865cba1dd4aaa383866b399d4274af

PODFILE CHECKSUM: 1e95c36afbfd1cb6423ceca4de7a8e1b256fb6ac

COCOAPODS: 1.16.2
